// !$*UTF8*$!
{
	archiveVersion = 1;
	classes = {
	};
	objectVersion = 55;
	objects = {

/* Begin PBXBuildFile section */
		89580F9326DFDE3B00885447 /* MusicablesApp.swift in Sources */ = {isa = PBXBuildFile; fileRef = 89580F9226DFDE3B00885447 /* MusicablesApp.swift */; };
		89580F9526DFDE3B00885447 /* ContentView.swift in Sources */ = {isa = PBXBuildFile; fileRef = 89580F9426DFDE3B00885447 /* ContentView.swift */; };
		89580F9726DFDE3B00885447 /* Assets.xcassets in Resources */ = {isa = PBXBuildFile; fileRef = 89580F9626DFDE3B00885447 /* Assets.xcassets */; };
		89580F9A26DFDE3B00885447 /* Preview Assets.xcassets in Resources */ = {isa = PBXBuildFile; fileRef = 89580F9926DFDE3B00885447 /* Preview Assets.xcassets */; };
		89580F9E26DFDE3B00885447 /* Musicables WatchKit App.app in Embed Watch Content */ = {isa = PBXBuildFile; fileRef = 89580F9D26DFDE3B00885447 /* Musicables WatchKit App.app */; settings = {ATTRIBUTES = (RemoveHeadersOnCopy, ); }; };
		89580FA326DFDE3C00885447 /* Assets.xcassets in Resources */ = {isa = PBXBuildFile; fileRef = 89580FA226DFDE3C00885447 /* Assets.xcassets */; };
		89580FA926DFDE3C00885447 /* Musicables WatchKit Extension.appex in Embed App Extensions */ = {isa = PBXBuildFile; fileRef = 89580FA826DFDE3C00885447 /* Musicables WatchKit Extension.appex */; settings = {ATTRIBUTES = (RemoveHeadersOnCopy, ); }; };
		89580FAE26DFDE3C00885447 /* ContentView.swift in Sources */ = {isa = PBXBuildFile; fileRef = 89580FAD26DFDE3C00885447 /* ContentView.swift */; };
		89580FB026DFDE3C00885447 /* MusicablesApp.swift in Sources */ = {isa = PBXBuildFile; fileRef = 89580FAF26DFDE3C00885447 /* MusicablesApp.swift */; };
		89580FB226DFDE3C00885447 /* ComplicationController.swift in Sources */ = {isa = PBXBuildFile; fileRef = 89580FB126DFDE3C00885447 /* ComplicationController.swift */; };
		89580FB426DFDE3D00885447 /* Assets.xcassets in Resources */ = {isa = PBXBuildFile; fileRef = 89580FB326DFDE3D00885447 /* Assets.xcassets */; };
		89580FB726DFDE3D00885447 /* Preview Assets.xcassets in Resources */ = {isa = PBXBuildFile; fileRef = 89580FB626DFDE3D00885447 /* Preview Assets.xcassets */; };
/* End PBXBuildFile section */

/* Begin PBXContainerItemProxy section */
		89580F9F26DFDE3B00885447 /* PBXContainerItemProxy */ = {
			isa = PBXContainerItemProxy;
			containerPortal = 89580F8726DFDE3B00885447 /* Project object */;
			proxyType = 1;
			remoteGlobalIDString = 89580F9C26DFDE3B00885447;
			remoteInfo = "Musicables WatchKit App";
		};
		89580FAA26DFDE3C00885447 /* PBXContainerItemProxy */ = {
			isa = PBXContainerItemProxy;
			containerPortal = 89580F8726DFDE3B00885447 /* Project object */;
			proxyType = 1;
			remoteGlobalIDString = 89580FA726DFDE3C00885447;
			remoteInfo = "Musicables WatchKit Extension";
		};
/* End PBXContainerItemProxy section */

/* Begin PBXCopyFilesBuildPhase section */
		89580FBE26DFDE3D00885447 /* Embed App Extensions */ = {
			isa = PBXCopyFilesBuildPhase;
			buildActionMask = 2147483647;
			dstPath = "";
			dstSubfolderSpec = 13;
			files = (
				89580FA926DFDE3C00885447 /* Musicables WatchKit Extension.appex in Embed App Extensions */,
			);
			name = "Embed App Extensions";
			runOnlyForDeploymentPostprocessing = 0;
		};
		89580FC226DFDE3D00885447 /* Embed Watch Content */ = {
			isa = PBXCopyFilesBuildPhase;
			buildActionMask = 2147483647;
			dstPath = "$(CONTENTS_FOLDER_PATH)/Watch";
			dstSubfolderSpec = 16;
			files = (
				89580F9E26DFDE3B00885447 /* Musicables WatchKit App.app in Embed Watch Content */,
			);
			name = "Embed Watch Content";
			runOnlyForDeploymentPostprocessing = 0;
		};
/* End PBXCopyFilesBuildPhase section */

/* Begin PBXFileReference section */
		89580F8F26DFDE3B00885447 /* Musicables.app */ = {isa = PBXFileReference; explicitFileType = wrapper.application; includeInIndex = 0; path = Musicables.app; sourceTree = BUILT_PRODUCTS_DIR; };
		89580F9226DFDE3B00885447 /* MusicablesApp.swift */ = {isa = PBXFileReference; lastKnownFileType = sourcecode.swift; path = MusicablesApp.swift; sourceTree = "<group>"; };
		89580F9426DFDE3B00885447 /* ContentView.swift */ = {isa = PBXFileReference; lastKnownFileType = sourcecode.swift; path = ContentView.swift; sourceTree = "<group>"; };
		89580F9626DFDE3B00885447 /* Assets.xcassets */ = {isa = PBXFileReference; lastKnownFileType = folder.assetcatalog; path = Assets.xcassets; sourceTree = "<group>"; };
		89580F9926DFDE3B00885447 /* Preview Assets.xcassets */ = {isa = PBXFileReference; lastKnownFileType = folder.assetcatalog; path = "Preview Assets.xcassets"; sourceTree = "<group>"; };
		89580F9D26DFDE3B00885447 /* Musicables WatchKit App.app */ = {isa = PBXFileReference; explicitFileType = wrapper.application; includeInIndex = 0; path = "Musicables WatchKit App.app"; sourceTree = BUILT_PRODUCTS_DIR; };
		89580FA226DFDE3C00885447 /* Assets.xcassets */ = {isa = PBXFileReference; lastKnownFileType = folder.assetcatalog; path = Assets.xcassets; sourceTree = "<group>"; };
		89580FA826DFDE3C00885447 /* Musicables WatchKit Extension.appex */ = {isa = PBXFileReference; explicitFileType = "wrapper.app-extension"; includeInIndex = 0; path = "Musicables WatchKit Extension.appex"; sourceTree = BUILT_PRODUCTS_DIR; };
		89580FAD26DFDE3C00885447 /* ContentView.swift */ = {isa = PBXFileReference; lastKnownFileType = sourcecode.swift; path = ContentView.swift; sourceTree = "<group>"; };
		89580FAF26DFDE3C00885447 /* MusicablesApp.swift */ = {isa = PBXFileReference; lastKnownFileType = sourcecode.swift; path = MusicablesApp.swift; sourceTree = "<group>"; };
		89580FB126DFDE3C00885447 /* ComplicationController.swift */ = {isa = PBXFileReference; lastKnownFileType = sourcecode.swift; path = ComplicationController.swift; sourceTree = "<group>"; };
		89580FB326DFDE3D00885447 /* Assets.xcassets */ = {isa = PBXFileReference; lastKnownFileType = folder.assetcatalog; path = Assets.xcassets; sourceTree = "<group>"; };
		89580FB626DFDE3D00885447 /* Preview Assets.xcassets */ = {isa = PBXFileReference; lastKnownFileType = folder.assetcatalog; path = "Preview Assets.xcassets"; sourceTree = "<group>"; };
		89580FB826DFDE3D00885447 /* Info.plist */ = {isa = PBXFileReference; lastKnownFileType = text.plist.xml; path = Info.plist; sourceTree = "<group>"; };
/* End PBXFileReference section */

/* Begin PBXFrameworksBuildPhase section */
		89580F8C26DFDE3B00885447 /* Frameworks */ = {
			isa = PBXFrameworksBuildPhase;
			buildActionMask = 2147483647;
			files = (
			);
			runOnlyForDeploymentPostprocessing = 0;
		};
		89580FA526DFDE3C00885447 /* Frameworks */ = {
			isa = PBXFrameworksBuildPhase;
			buildActionMask = 2147483647;
			files = (
			);
			runOnlyForDeploymentPostprocessing = 0;
		};
/* End PBXFrameworksBuildPhase section */

/* Begin PBXGroup section */
		89580F8626DFDE3B00885447 = {
			isa = PBXGroup;
			children = (
				89580F9126DFDE3B00885447 /* Musicables */,
				89580FA126DFDE3B00885447 /* Musicables WatchKit App */,
				89580FAC26DFDE3C00885447 /* Musicables WatchKit Extension */,
				89580F9026DFDE3B00885447 /* Products */,
			);
			sourceTree = "<group>";
		};
		89580F9026DFDE3B00885447 /* Products */ = {
			isa = PBXGroup;
			children = (
				89580F8F26DFDE3B00885447 /* Musicables.app */,
				89580F9D26DFDE3B00885447 /* Musicables WatchKit App.app */,
				89580FA826DFDE3C00885447 /* Musicables WatchKit Extension.appex */,
			);
			name = Products;
			sourceTree = "<group>";
		};
		89580F9126DFDE3B00885447 /* Musicables */ = {
			isa = PBXGroup;
			children = (
				89580F9226DFDE3B00885447 /* MusicablesApp.swift */,
				89580F9426DFDE3B00885447 /* ContentView.swift */,
				89580F9626DFDE3B00885447 /* Assets.xcassets */,
				89580F9826DFDE3B00885447 /* Preview Content */,
			);
			path = Musicables;
			sourceTree = "<group>";
		};
		89580F9826DFDE3B00885447 /* Preview Content */ = {
			isa = PBXGroup;
			children = (
				89580F9926DFDE3B00885447 /* Preview Assets.xcassets */,
			);
			path = "Preview Content";
			sourceTree = "<group>";
		};
		89580FA126DFDE3B00885447 /* Musicables WatchKit App */ = {
			isa = PBXGroup;
			children = (
				89580FA226DFDE3C00885447 /* Assets.xcassets */,
			);
			path = "Musicables WatchKit App";
			sourceTree = "<group>";
		};
		89580FAC26DFDE3C00885447 /* Musicables WatchKit Extension */ = {
			isa = PBXGroup;
			children = (
				89580FAD26DFDE3C00885447 /* ContentView.swift */,
				89580FAF26DFDE3C00885447 /* MusicablesApp.swift */,
				89580FB126DFDE3C00885447 /* ComplicationController.swift */,
				89580FB326DFDE3D00885447 /* Assets.xcassets */,
				89580FB826DFDE3D00885447 /* Info.plist */,
				89580FB526DFDE3D00885447 /* Preview Content */,
			);
			path = "Musicables WatchKit Extension";
			sourceTree = "<group>";
		};
		89580FB526DFDE3D00885447 /* Preview Content */ = {
			isa = PBXGroup;
			children = (
				89580FB626DFDE3D00885447 /* Preview Assets.xcassets */,
			);
			path = "Preview Content";
			sourceTree = "<group>";
		};
/* End PBXGroup section */

/* Begin PBXNativeTarget section */
		89580F8E26DFDE3B00885447 /* Musicables */ = {
			isa = PBXNativeTarget;
			buildConfigurationList = 89580FC326DFDE3D00885447 /* Build configuration list for PBXNativeTarget "Musicables" */;
			buildPhases = (
				89580F8B26DFDE3B00885447 /* Sources */,
				89580F8C26DFDE3B00885447 /* Frameworks */,
				89580F8D26DFDE3B00885447 /* Resources */,
				89580FC226DFDE3D00885447 /* Embed Watch Content */,
			);
			buildRules = (
			);
			dependencies = (
				89580FA026DFDE3B00885447 /* PBXTargetDependency */,
			);
			name = Musicables;
			productName = Musicables;
			productReference = 89580F8F26DFDE3B00885447 /* Musicables.app */;
			productType = "com.apple.product-type.application";
		};
		89580F9C26DFDE3B00885447 /* Musicables WatchKit App */ = {
			isa = PBXNativeTarget;
			buildConfigurationList = 89580FBF26DFDE3D00885447 /* Build configuration list for PBXNativeTarget "Musicables WatchKit App" */;
			buildPhases = (
				89580F9B26DFDE3B00885447 /* Resources */,
				89580FBE26DFDE3D00885447 /* Embed App Extensions */,
			);
			buildRules = (
			);
			dependencies = (
				89580FAB26DFDE3C00885447 /* PBXTargetDependency */,
			);
			name = "Musicables WatchKit App";
			productName = "Musicables WatchKit App";
			productReference = 89580F9D26DFDE3B00885447 /* Musicables WatchKit App.app */;
			productType = "com.apple.product-type.application.watchapp2";
		};
		89580FA726DFDE3C00885447 /* Musicables WatchKit Extension */ = {
			isa = PBXNativeTarget;
			buildConfigurationList = 89580FBB26DFDE3D00885447 /* Build configuration list for PBXNativeTarget "Musicables WatchKit Extension" */;
			buildPhases = (
				89580FA426DFDE3C00885447 /* Sources */,
				89580FA526DFDE3C00885447 /* Frameworks */,
				89580FA626DFDE3C00885447 /* Resources */,
			);
			buildRules = (
			);
			dependencies = (
			);
			name = "Musicables WatchKit Extension";
			productName = "Musicables WatchKit Extension";
			productReference = 89580FA826DFDE3C00885447 /* Musicables WatchKit Extension.appex */;
			productType = "com.apple.product-type.watchkit2-extension";
		};
/* End PBXNativeTarget section */

/* Begin PBXProject section */
		89580F8726DFDE3B00885447 /* Project object */ = {
			isa = PBXProject;
			attributes = {
				BuildIndependentTargetsInParallel = 1;
				LastSwiftUpdateCheck = 1300;
				LastUpgradeCheck = 1300;
				TargetAttributes = {
					89580F8E26DFDE3B00885447 = {
						CreatedOnToolsVersion = 13.0;
					};
					89580F9C26DFDE3B00885447 = {
						CreatedOnToolsVersion = 13.0;
					};
					89580FA726DFDE3C00885447 = {
						CreatedOnToolsVersion = 13.0;
					};
				};
			};
			buildConfigurationList = 89580F8A26DFDE3B00885447 /* Build configuration list for PBXProject "Musicables" */;
			compatibilityVersion = "Xcode 13.0";
			developmentRegion = en;
			hasScannedForEncodings = 0;
			knownRegions = (
				en,
				Base,
			);
			mainGroup = 89580F8626DFDE3B00885447;
			productRefGroup = 89580F9026DFDE3B00885447 /* Products */;
			projectDirPath = "";
			projectRoot = "";
			targets = (
				89580F8E26DFDE3B00885447 /* Musicables */,
				89580F9C26DFDE3B00885447 /* Musicables WatchKit App */,
				89580FA726DFDE3C00885447 /* Musicables WatchKit Extension */,
			);
		};
/* End PBXProject section */

/* Begin PBXResourcesBuildPhase section */
		89580F8D26DFDE3B00885447 /* Resources */ = {
			isa = PBXResourcesBuildPhase;
			buildActionMask = 2147483647;
			files = (
				89580F9A26DFDE3B00885447 /* Preview Assets.xcassets in Resources */,
				89580F9726DFDE3B00885447 /* Assets.xcassets in Resources */,
			);
			runOnlyForDeploymentPostprocessing = 0;
		};
		89580F9B26DFDE3B00885447 /* Resources */ = {
			isa = PBXResourcesBuildPhase;
			buildActionMask = 2147483647;
			files = (
				89580FA326DFDE3C00885447 /* Assets.xcassets in Resources */,
			);
			runOnlyForDeploymentPostprocessing = 0;
		};
		89580FA626DFDE3C00885447 /* Resources */ = {
			isa = PBXResourcesBuildPhase;
			buildActionMask = 2147483647;
			files = (
				89580FB726DFDE3D00885447 /* Preview Assets.xcassets in Resources */,
				89580FB426DFDE3D00885447 /* Assets.xcassets in Resources */,
			);
			runOnlyForDeploymentPostprocessing = 0;
		};
/* End PBXResourcesBuildPhase section */

/* Begin PBXSourcesBuildPhase section */
		89580F8B26DFDE3B00885447 /* Sources */ = {
			isa = PBXSourcesBuildPhase;
			buildActionMask = 2147483647;
			files = (
				89580F9526DFDE3B00885447 /* ContentView.swift in Sources */,
				89580F9326DFDE3B00885447 /* MusicablesApp.swift in Sources */,
			);
			runOnlyForDeploymentPostprocessing = 0;
		};
		89580FA426DFDE3C00885447 /* Sources */ = {
			isa = PBXSourcesBuildPhase;
			buildActionMask = 2147483647;
			files = (
				89580FAE26DFDE3C00885447 /* ContentView.swift in Sources */,
				89580FB026DFDE3C00885447 /* MusicablesApp.swift in Sources */,
				89580FB226DFDE3C00885447 /* ComplicationController.swift in Sources */,
			);
			runOnlyForDeploymentPostprocessing = 0;
		};
/* End PBXSourcesBuildPhase section */

/* Begin PBXTargetDependency section */
		89580FA026DFDE3B00885447 /* PBXTargetDependency */ = {
			isa = PBXTargetDependency;
			target = 89580F9C26DFDE3B00885447 /* Musicables WatchKit App */;
			targetProxy = 89580F9F26DFDE3B00885447 /* PBXContainerItemProxy */;
		};
		89580FAB26DFDE3C00885447 /* PBXTargetDependency */ = {
			isa = PBXTargetDependency;
			target = 89580FA726DFDE3C00885447 /* Musicables WatchKit Extension */;
			targetProxy = 89580FAA26DFDE3C00885447 /* PBXContainerItemProxy */;
		};
/* End PBXTargetDependency section */

/* Begin XCBuildConfiguration section */
		89580FB926DFDE3D00885447 /* Debug */ = {
			isa = XCBuildConfiguration;
			buildSettings = {
				ALWAYS_SEARCH_USER_PATHS = NO;
				CLANG_ANALYZER_NONNULL = YES;
				CLANG_ANALYZER_NUMBER_OBJECT_CONVERSION = YES_AGGRESSIVE;
				CLANG_CXX_LANGUAGE_STANDARD = "gnu++17";
				CLANG_CXX_LIBRARY = "libc++";
				CLANG_ENABLE_MODULES = YES;
				CLANG_ENABLE_OBJC_ARC = YES;
				CLANG_ENABLE_OBJC_WEAK = YES;
				CLANG_WARN_BLOCK_CAPTURE_AUTORELEASING = YES;
				CLANG_WARN_BOOL_CONVERSION = YES;
				CLANG_WARN_COMMA = YES;
				CLANG_WARN_CONSTANT_CONVERSION = YES;
				CLANG_WARN_DEPRECATED_OBJC_IMPLEMENTATIONS = YES;
				CLANG_WARN_DIRECT_OBJC_ISA_USAGE = YES_ERROR;
				CLANG_WARN_DOCUMENTATION_COMMENTS = YES;
				CLANG_WARN_EMPTY_BODY = YES;
				CLANG_WARN_ENUM_CONVERSION = YES;
				CLANG_WARN_INFINITE_RECURSION = YES;
				CLANG_WARN_INT_CONVERSION = YES;
				CLANG_WARN_NON_LITERAL_NULL_CONVERSION = YES;
				CLANG_WARN_OBJC_IMPLICIT_RETAIN_SELF = YES;
				CLANG_WARN_OBJC_LITERAL_CONVERSION = YES;
				CLANG_WARN_OBJC_ROOT_CLASS = YES_ERROR;
				CLANG_WARN_QUOTED_INCLUDE_IN_FRAMEWORK_HEADER = YES;
				CLANG_WARN_RANGE_LOOP_ANALYSIS = YES;
				CLANG_WARN_STRICT_PROTOTYPES = YES;
				CLANG_WARN_SUSPICIOUS_MOVE = YES;
				CLANG_WARN_UNGUARDED_AVAILABILITY = YES_AGGRESSIVE;
				CLANG_WARN_UNREACHABLE_CODE = YES;
				CLANG_WARN__DUPLICATE_METHOD_MATCH = YES;
				COPY_PHASE_STRIP = NO;
				DEBUG_INFORMATION_FORMAT = dwarf;
				ENABLE_STRICT_OBJC_MSGSEND = YES;
				ENABLE_TESTABILITY = YES;
				GCC_C_LANGUAGE_STANDARD = gnu11;
				GCC_DYNAMIC_NO_PIC = NO;
				GCC_NO_COMMON_BLOCKS = YES;
				GCC_OPTIMIZATION_LEVEL = 0;
				GCC_PREPROCESSOR_DEFINITIONS = (
					"DEBUG=1",
					"$(inherited)",
				);
				GCC_WARN_64_TO_32_BIT_CONVERSION = YES;
				GCC_WARN_ABOUT_RETURN_TYPE = YES_ERROR;
				GCC_WARN_UNDECLARED_SELECTOR = YES;
				GCC_WARN_UNINITIALIZED_AUTOS = YES_AGGRESSIVE;
				GCC_WARN_UNUSED_FUNCTION = YES;
				GCC_WARN_UNUSED_VARIABLE = YES;
				MTL_ENABLE_DEBUG_INFO = INCLUDE_SOURCE;
				MTL_FAST_MATH = YES;
				ONLY_ACTIVE_ARCH = YES;
				SWIFT_ACTIVE_COMPILATION_CONDITIONS = DEBUG;
				SWIFT_OPTIMIZATION_LEVEL = "-Onone";
			};
			name = Debug;
		};
		89580FBA26DFDE3D00885447 /* Release */ = {
			isa = XCBuildConfiguration;
			buildSettings = {
				ALWAYS_SEARCH_USER_PATHS = NO;
				CLANG_ANALYZER_NONNULL = YES;
				CLANG_ANALYZER_NUMBER_OBJECT_CONVERSION = YES_AGGRESSIVE;
				CLANG_CXX_LANGUAGE_STANDARD = "gnu++17";
				CLANG_CXX_LIBRARY = "libc++";
				CLANG_ENABLE_MODULES = YES;
				CLANG_ENABLE_OBJC_ARC = YES;
				CLANG_ENABLE_OBJC_WEAK = YES;
				CLANG_WARN_BLOCK_CAPTURE_AUTORELEASING = YES;
				CLANG_WARN_BOOL_CONVERSION = YES;
				CLANG_WARN_COMMA = YES;
				CLANG_WARN_CONSTANT_CONVERSION = YES;
				CLANG_WARN_DEPRECATED_OBJC_IMPLEMENTATIONS = YES;
				CLANG_WARN_DIRECT_OBJC_ISA_USAGE = YES_ERROR;
				CLANG_WARN_DOCUMENTATION_COMMENTS = YES;
				CLANG_WARN_EMPTY_BODY = YES;
				CLANG_WARN_ENUM_CONVERSION = YES;
				CLANG_WARN_INFINITE_RECURSION = YES;
				CLANG_WARN_INT_CONVERSION = YES;
				CLANG_WARN_NON_LITERAL_NULL_CONVERSION = YES;
				CLANG_WARN_OBJC_IMPLICIT_RETAIN_SELF = YES;
				CLANG_WARN_OBJC_LITERAL_CONVERSION = YES;
				CLANG_WARN_OBJC_ROOT_CLASS = YES_ERROR;
				CLANG_WARN_QUOTED_INCLUDE_IN_FRAMEWORK_HEADER = YES;
				CLANG_WARN_RANGE_LOOP_ANALYSIS = YES;
				CLANG_WARN_STRICT_PROTOTYPES = YES;
				CLANG_WARN_SUSPICIOUS_MOVE = YES;
				CLANG_WARN_UNGUARDED_AVAILABILITY = YES_AGGRESSIVE;
				CLANG_WARN_UNREACHABLE_CODE = YES;
				CLANG_WARN__DUPLICATE_METHOD_MATCH = YES;
				COPY_PHASE_STRIP = NO;
				DEBUG_INFORMATION_FORMAT = "dwarf-with-dsym";
				ENABLE_NS_ASSERTIONS = NO;
				ENABLE_STRICT_OBJC_MSGSEND = YES;
				GCC_C_LANGUAGE_STANDARD = gnu11;
				GCC_NO_COMMON_BLOCKS = YES;
				GCC_WARN_64_TO_32_BIT_CONVERSION = YES;
				GCC_WARN_ABOUT_RETURN_TYPE = YES_ERROR;
				GCC_WARN_UNDECLARED_SELECTOR = YES;
				GCC_WARN_UNINITIALIZED_AUTOS = YES_AGGRESSIVE;
				GCC_WARN_UNUSED_FUNCTION = YES;
				GCC_WARN_UNUSED_VARIABLE = YES;
				MTL_ENABLE_DEBUG_INFO = NO;
				MTL_FAST_MATH = YES;
				SWIFT_COMPILATION_MODE = wholemodule;
				SWIFT_OPTIMIZATION_LEVEL = "-O";
			};
			name = Release;
		};
		89580FBC26DFDE3D00885447 /* Debug */ = {
			isa = XCBuildConfiguration;
			buildSettings = {
				ASSETCATALOG_COMPILER_COMPLICATION_NAME = Complication;
				CODE_SIGN_STYLE = Automatic;
				CURRENT_PROJECT_VERSION = 1;
				DEVELOPMENT_ASSET_PATHS = "\"Musicables WatchKit Extension/Preview Content\"";
				DEVELOPMENT_TEAM = N36Z4HYRU9;
				ENABLE_PREVIEWS = YES;
				GENERATE_INFOPLIST_FILE = YES;
				INFOPLIST_FILE = "Musicables WatchKit Extension/Info.plist";
				INFOPLIST_KEY_CFBundleDisplayName = "Musicables WatchKit Extension";
				INFOPLIST_KEY_CLKComplicationPrincipalClass = "$(PRODUCT_MODULE_NAME).ComplicationController";
				INFOPLIST_KEY_NSHumanReadableCopyright = "";
				INFOPLIST_KEY_WKRunsIndependentlyOfCompanionApp = YES;
				LD_RUNPATH_SEARCH_PATHS = (
					"$(inherited)",
					"@executable_path/Frameworks",
					"@executable_path/../../Frameworks",
				);
				MARKETING_VERSION = 1.0;
				PRODUCT_BUNDLE_IDENTIFIER = com.superbro.Musicables.watchkitapp.watchkitextension;
				PRODUCT_NAME = "${TARGET_NAME}";
				SDKROOT = watchos;
				SKIP_INSTALL = YES;
				SWIFT_EMIT_LOC_STRINGS = YES;
				SWIFT_VERSION = 5.0;
				TARGETED_DEVICE_FAMILY = 4;
				WATCHOS_DEPLOYMENT_TARGET = 8.0;
			};
			name = Debug;
		};
		89580FBD26DFDE3D00885447 /* Release */ = {
			isa = XCBuildConfiguration;
			buildSettings = {
				ASSETCATALOG_COMPILER_COMPLICATION_NAME = Complication;
				CODE_SIGN_STYLE = Automatic;
				CURRENT_PROJECT_VERSION = 1;
				DEVELOPMENT_ASSET_PATHS = "\"Musicables WatchKit Extension/Preview Content\"";
				DEVELOPMENT_TEAM = N36Z4HYRU9;
				ENABLE_PREVIEWS = YES;
				GENERATE_INFOPLIST_FILE = YES;
				INFOPLIST_FILE = "Musicables WatchKit Extension/Info.plist";
				INFOPLIST_KEY_CFBundleDisplayName = "Musicables WatchKit Extension";
				INFOPLIST_KEY_CLKComplicationPrincipalClass = "$(PRODUCT_MODULE_NAME).ComplicationController";
				INFOPLIST_KEY_NSHumanReadableCopyright = "";
				INFOPLIST_KEY_WKRunsIndependentlyOfCompanionApp = YES;
				LD_RUNPATH_SEARCH_PATHS = (
					"$(inherited)",
					"@executable_path/Frameworks",
					"@executable_path/../../Frameworks",
				);
				MARKETING_VERSION = 1.0;
				PRODUCT_BUNDLE_IDENTIFIER = com.superbro.Musicables.watchkitapp.watchkitextension;
				PRODUCT_NAME = "${TARGET_NAME}";
				SDKROOT = watchos;
				SKIP_INSTALL = YES;
				SWIFT_EMIT_LOC_STRINGS = YES;
				SWIFT_VERSION = 5.0;
				TARGETED_DEVICE_FAMILY = 4;
				VALIDATE_PRODUCT = YES;
				WATCHOS_DEPLOYMENT_TARGET = 8.0;
			};
			name = Release;
		};
		89580FC026DFDE3D00885447 /* Debug */ = {
			isa = XCBuildConfiguration;
			buildSettings = {
				ALWAYS_EMBED_SWIFT_STANDARD_LIBRARIES = YES;
				ASSETCATALOG_COMPILER_APPICON_NAME = AppIcon;
				ASSETCATALOG_COMPILER_GLOBAL_ACCENT_COLOR_NAME = AccentColor;
				CODE_SIGN_STYLE = Automatic;
				CURRENT_PROJECT_VERSION = 1;
				DEVELOPMENT_TEAM = N36Z4HYRU9;
				GENERATE_INFOPLIST_FILE = YES;
				IBSC_MODULE = Musicables_WatchKit_Extension;
				INFOPLIST_KEY_CFBundleDisplayName = "Musicables WatchKit App";
				INFOPLIST_KEY_UISupportedInterfaceOrientations = "UIInterfaceOrientationPortrait UIInterfaceOrientationPortraitUpsideDown";
				INFOPLIST_KEY_WKCompanionAppBundleIdentifier = com.superbro.Musicables;
				MARKETING_VERSION = 1.0;
				PRODUCT_BUNDLE_IDENTIFIER = com.superbro.Musicables.watchkitapp;
				PRODUCT_NAME = "$(TARGET_NAME)";
				SDKROOT = watchos;
				SKIP_INSTALL = YES;
				SWIFT_EMIT_LOC_STRINGS = YES;
				SWIFT_VERSION = 5.0;
				TARGETED_DEVICE_FAMILY = 4;
				WATCHOS_DEPLOYMENT_TARGET = 8.0;
			};
			name = Debug;
		};
		89580FC126DFDE3D00885447 /* Release */ = {
			isa = XCBuildConfiguration;
			buildSettings = {
				ALWAYS_EMBED_SWIFT_STANDARD_LIBRARIES = YES;
				ASSETCATALOG_COMPILER_APPICON_NAME = AppIcon;
				ASSETCATALOG_COMPILER_GLOBAL_ACCENT_COLOR_NAME = AccentColor;
				CODE_SIGN_STYLE = Automatic;
				CURRENT_PROJECT_VERSION = 1;
				DEVELOPMENT_TEAM = N36Z4HYRU9;
				GENERATE_INFOPLIST_FILE = YES;
				IBSC_MODULE = Musicables_WatchKit_Extension;
				INFOPLIST_KEY_CFBundleDisplayName = "Musicables WatchKit App";
				INFOPLIST_KEY_UISupportedInterfaceOrientations = "UIInterfaceOrientationPortrait UIInterfaceOrientationPortraitUpsideDown";
				INFOPLIST_KEY_WKCompanionAppBundleIdentifier = com.superbro.Musicables;
				MARKETING_VERSION = 1.0;
				PRODUCT_BUNDLE_IDENTIFIER = com.superbro.Musicables.watchkitapp;
				PRODUCT_NAME = "$(TARGET_NAME)";
				SDKROOT = watchos;
				SKIP_INSTALL = YES;
				SWIFT_EMIT_LOC_STRINGS = YES;
				SWIFT_VERSION = 5.0;
				TARGETED_DEVICE_FAMILY = 4;
				VALIDATE_PRODUCT = YES;
				WATCHOS_DEPLOYMENT_TARGET = 8.0;
			};
			name = Release;
		};
		89580FC426DFDE3D00885447 /* Debug */ = {
			isa = XCBuildConfiguration;
			buildSettings = {
				ASSETCATALOG_COMPILER_APPICON_NAME = AppIcon;
				ASSETCATALOG_COMPILER_GLOBAL_ACCENT_COLOR_NAME = AccentColor;
				CODE_SIGN_STYLE = Automatic;
				CURRENT_PROJECT_VERSION = 1;
				DEVELOPMENT_ASSET_PATHS = "\"Musicables/Preview Content\"";
				DEVELOPMENT_TEAM = N36Z4HYRU9;
				ENABLE_PREVIEWS = YES;
				GENERATE_INFOPLIST_FILE = YES;
				INFOPLIST_KEY_UIApplicationSceneManifest_Generation = YES;
				INFOPLIST_KEY_UIApplicationSupportsIndirectInputEvents = YES;
				INFOPLIST_KEY_UILaunchScreen_Generation = YES;
				INFOPLIST_KEY_UISupportedInterfaceOrientations_iPad = "UIInterfaceOrientationPortrait UIInterfaceOrientationPortraitUpsideDown UIInterfaceOrientationLandscapeLeft UIInterfaceOrientationLandscapeRight";
				INFOPLIST_KEY_UISupportedInterfaceOrientations_iPhone = "UIInterfaceOrientationPortrait UIInterfaceOrientationLandscapeLeft UIInterfaceOrientationLandscapeRight";
				IPHONEOS_DEPLOYMENT_TARGET = 15.0;
				LD_RUNPATH_SEARCH_PATHS = (
					"$(inherited)",
					"@executable_path/Frameworks",
				);
				MARKETING_VERSION = 1.0;
				PRODUCT_BUNDLE_IDENTIFIER = com.superbro.Musicables;
				PRODUCT_NAME = "$(TARGET_NAME)";
				SDKROOT = iphoneos;
				SWIFT_EMIT_LOC_STRINGS = YES;
				SWIFT_VERSION = 5.0;
				TARGETED_DEVICE_FAMILY = "1,2";
			};
			name = Debug;
		};
		89580FC526DFDE3D00885447 /* Release */ = {
			isa = XCBuildConfiguration;
			buildSettings = {
				ASSETCATALOG_COMPILER_APPICON_NAME = AppIcon;
				ASSETCATALOG_COMPILER_GLOBAL_ACCENT_COLOR_NAME = AccentColor;
				CODE_SIGN_STYLE = Automatic;
				CURRENT_PROJECT_VERSION = 1;
				DEVELOPMENT_ASSET_PATHS = "\"Musicables/Preview Content\"";
				DEVELOPMENT_TEAM = N36Z4HYRU9;
				ENABLE_PREVIEWS = YES;
				GENERATE_INFOPLIST_FILE = YES;
				INFOPLIST_KEY_UIApplicationSceneManifest_Generation = YES;
				INFOPLIST_KEY_UIApplicationSupportsIndirectInputEvents = YES;
				INFOPLIST_KEY_UILaunchScreen_Generation = YES;
				INFOPLIST_KEY_UISupportedInterfaceOrientations_iPad = "UIInterfaceOrientationPortrait UIInterfaceOrientationPortraitUpsideDown UIInterfaceOrientationLandscapeLeft UIInterfaceOrientationLandscapeRight";
				INFOPLIST_KEY_UISupportedInterfaceOrientations_iPhone = "UIInterfaceOrientationPortrait UIInterfaceOrientationLandscapeLeft UIInterfaceOrientationLandscapeRight";
				IPHONEOS_DEPLOYMENT_TARGET = 15.0;
				LD_RUNPATH_SEARCH_PATHS = (
					"$(inherited)",
					"@executable_path/Frameworks",
				);
				MARKETING_VERSION = 1.0;
				PRODUCT_BUNDLE_IDENTIFIER = com.superbro.Musicables;
				PRODUCT_NAME = "$(TARGET_NAME)";
				SDKROOT = iphoneos;
				SWIFT_EMIT_LOC_STRINGS = YES;
				SWIFT_VERSION = 5.0;
				TARGETED_DEVICE_FAMILY = "1,2";
				VALIDATE_PRODUCT = YES;
			};
			name = Release;
		};
/* End XCBuildConfiguration section */

/* Begin XCConfigurationList section */
		89580F8A26DFDE3B00885447 /* Build configuration list for PBXProject "Musicables" */ = {
			isa = XCConfigurationList;
			buildConfigurations = (
				89580FB926DFDE3D00885447 /* Debug */,
				89580FBA26DFDE3D00885447 /* Release */,
			);
			defaultConfigurationIsVisible = 0;
			defaultConfigurationName = Release;
		};
		89580FBB26DFDE3D00885447 /* Build configuration list for PBXNativeTarget "Musicables WatchKit Extension" */ = {
			isa = XCConfigurationList;
			buildConfigurations = (
				89580FBC26DFDE3D00885447 /* Debug */,
				89580FBD26DFDE3D00885447 /* Release */,
			);
			defaultConfigurationIsVisible = 0;
			defaultConfigurationName = Release;
		};
		89580FBF26DFDE3D00885447 /* Build configuration list for PBXNativeTarget "Musicables WatchKit App" */ = {
			isa = XCConfigurationList;
			buildConfigurations = (
				89580FC026DFDE3D00885447 /* Debug */,
				89580FC126DFDE3D00885447 /* Release */,
			);
			defaultConfigurationIsVisible = 0;
			defaultConfigurationName = Release;
		};
		89580FC326DFDE3D00885447 /* Build configuration list for PBXNativeTarget "Musicables" */ = {
			isa = XCConfigurationList;
			buildConfigurations = (
				89580FC426DFDE3D00885447 /* Debug */,
				89580FC526DFDE3D00885447 /* Release */,
			);
			defaultConfigurationIsVisible = 0;
			defaultConfigurationName = Release;
		};
/* End XCConfigurationList section */
	};
	rootObject = 89580F8726DFDE3B00885447 /* Project object */;
}
